
Microsoft Visual Studio Solution File, Format Version 12.00
# Visual Studio Version 16
VisualStudioVersion = 16.0.29905.134
MinimumVisualStudioVersion = 10.0.40219.1
Project("{FAE04EC0-301F-11D3-BF4B-00C04F79EFBC}") = "Notice.Web", "Notice.Web\Notice.Web.csproj", "{974B610A-0895-4C94-9D51-9C70E7F8D275}"
EndProject
Project("{FAE04EC0-301F-11D3-BF4B-00C04F79EFBC}") = "Notice.DAL", "Notice.DAL\Notice.DAL.csproj", "{C971A826-D659-40E9-B949-EF7B60284C32}"
EndProject
Global
	GlobalSection(SolutionConfigurationPlatforms) = preSolution
		Debug|Any CPU = Debug|Any CPU
		Release|Any CPU = Release|Any CPU
	EndGlobalSection
	GlobalSection(ProjectConfigurationPlatforms) = postSolution
		{974B610A-0895-4C94-9D51-9C70E7F8D275}.Debug|Any CPU.ActiveCfg = Debug|Any CPU
		{974B610A-0895-4C94-9D51-9C70E7F8D275}.Debug|Any CPU.Build.0 = Debug|Any CPU
		{974B610A-0895-4C94-9D51-9C70E7F8D275}.Release|Any CPU.ActiveCfg = Release|Any CPU
		{974B610A-0895-4C94-9D51-9C70E7F8D275}.Release|Any CPU.Build.0 = Release|Any CPU
		{C971A826-D659-40E9-B949-EF7B60284C32}.Debug|Any CPU.ActiveCfg = Debug|Any CPU
		{C971A826-D659-40E9-B949-EF7B60284C32}.Debug|Any CPU.Build.0 = Debug|Any CPU
		{C971A826-D659-40E9-B949-EF7B60284C32}.Release|Any CPU.ActiveCfg = Release|Any CPU
		{C971A826-D659-40E9-B949-EF7B60284C32}.Release|Any CPU.Build.0 = Release|Any CPU
	EndGlobalSection
	GlobalSection(SolutionProperties) = preSolution
		HideSolutionNode = FALSE
	EndGlobalSection
	GlobalSection(ExtensibilityGlobals) = postSolution
		SolutionGuid = {F88DF998-C906-40EC-9668-47D8DE27DB81}
	EndGlobalSection
EndGlobal
